
Microsoft Visual Studio Solution File, Format Version 12.00
# Visual Studio Version 16
VisualStudioVersion = 16.0.30711.63
MinimumVisualStudioVersion = 10.0.40219.1
Project("{6EC3EE1D-3C4E-46DD-8F32-0CC8E7565705}") = "BinarySearchTree", "BinarySearchTree.fsproj", "{D990428E-A84E-42BC-8156-5F550FB83BF9}"
EndProject
Global
	GlobalSection(SolutionConfigurationPlatforms) = preSolution
		Debug|Any CPU = Debug|Any CPU
		Release|Any CPU = Release|Any CPU
	EndGlobalSection
	GlobalSection(ProjectConfigurationPlatforms) = postSolution
		{D990428E-A84E-42BC-8156-5F550FB83BF9}.Debug|Any CPU.ActiveCfg = Debug|Any CPU
		{D990428E-A84E-42BC-8156-5F550FB83BF9}.Debug|Any CPU.Build.0 = Debug|Any CPU
		{D990428E-A84E-42BC-8156-5F550FB83BF9}.Release|Any CPU.ActiveCfg = Release|Any CPU
		{D990428E-A84E-42BC-8156-5F550FB83BF9}.Release|Any CPU.Build.0 = Release|Any CPU
	EndGlobalSection
	GlobalSection(SolutionProperties) = preSolution
		HideSolutionNode = FALSE
	EndGlobalSection
	GlobalSection(ExtensibilityGlobals) = postSolution
		SolutionGuid = {4ADEBF3B-781B-4EC3-9414-5EDEAFD56927}
	EndGlobalSection
EndGlobal
